
Microsoft Visual Studio Solution File, Format Version 12.00
# Visual Studio Version 17
VisualStudioVersion = 17.2.32602.215
MinimumVisualStudioVersion = 10.0.40219.1
Project("{FAE04EC0-301F-11D3-BF4B-00C04F79EFBC}") = "Fundamentals", "Fundamentals\Fundamentals.csproj", "{759746BA-AEBF-4FD7-855C-CCB710F4973A}"
EndProject
Project("{FAE04EC0-301F-11D3-BF4B-00C04F79EFBC}") = "Fundamentals.UnitTests", "Fundamentals.UnitTests\Fundamentals.UnitTests.csproj", "{C832FF04-1BB4-4421-A7CF-F4478CC2A839}"
EndProject
Global
	GlobalSection(SolutionConfigurationPlatforms) = preSolution
		Debug|Any CPU = Debug|Any CPU
		Release|Any CPU = Release|Any CPU
	EndGlobalSection
	GlobalSection(ProjectConfigurationPlatforms) = postSolution
		{759746BA-AEBF-4FD7-855C-CCB710F4973A}.Debug|Any CPU.ActiveCfg = Debug|Any CPU
		{759746BA-AEBF-4FD7-855C-CCB710F4973A}.Debug|Any CPU.Build.0 = Debug|Any CPU
		{759746BA-AEBF-4FD7-855C-CCB710F4973A}.Release|Any CPU.ActiveCfg = Release|Any CPU
		{759746BA-AEBF-4FD7-855C-CCB710F4973A}.Release|Any CPU.Build.0 = Release|Any CPU
		{C832FF04-1BB4-4421-A7CF-F4478CC2A839}.Debug|Any CPU.ActiveCfg = Debug|Any CPU
		{C832FF04-1BB4-4421-A7CF-F4478CC2A839}.Debug|Any CPU.Build.0 = Debug|Any CPU
		{C832FF04-1BB4-4421-A7CF-F4478CC2A839}.Release|Any CPU.ActiveCfg = Release|Any CPU
		{C832FF04-1BB4-4421-A7CF-F4478CC2A839}.Release|Any CPU.Build.0 = Release|Any CPU
	EndGlobalSection
	GlobalSection(SolutionProperties) = preSolution
		HideSolutionNode = FALSE
	EndGlobalSection
	GlobalSection(ExtensibilityGlobals) = postSolution
		SolutionGuid = {E61D67C9-093C-4CEA-92FC-36CE0E3A3F47}
	EndGlobalSection
EndGlobal
